Microsoft Visual Studio Solution File, Format Version 12.00
# Visual Studio Version 17
VisualStudioVersion = 17.5.2.0
MinimumVisualStudioVersion = 10.0.40219.1
Project("{FAE04EC0-301F-11D3-BF4B-00C04F79EFBC}") = "CloudStationWeb", "CloudStationWeb\CloudStationWeb.csproj", "{FC8541AC-867B-197B-C444-DECD6119FC2A}"
EndProject
Global
	GlobalSection(SolutionConfigurationPlatforms) = preSolution
		Debug|Any CPU = Debug|Any CPU
		Release|Any CPU = Release|Any CPU
	EndGlobalSection
	GlobalSection(ProjectConfigurationPlatforms) = postSolution
		{FC8541AC-867B-197B-C444-DECD6119FC2A}.Debug|Any CPU.ActiveCfg = Debug|Any CPU
		{FC8541AC-867B-197B-C444-DECD6119FC2A}.Debug|Any CPU.Build.0 = Debug|Any CPU
		{FC8541AC-867B-197B-C444-DECD6119FC2A}.Release|Any CPU.ActiveCfg = Release|Any CPU
		{FC8541AC-867B-197B-C444-DECD6119FC2A}.Release|Any CPU.Build.0 = Release|Any CPU
	EndGlobalSection
	GlobalSection(SolutionProperties) = preSolution
		HideSolutionNode = FALSE
	EndGlobalSection
	GlobalSection(ExtensibilityGlobals) = postSolution
		SolutionGuid = {0E9DCC52-75BA-49A8-8470-777A1223EE31}
	EndGlobalSection
EndGlobal
